
Microsoft Visual Studio Solution File, Format Version 12.00
# Visual Studio 15
Project("{FAE04EC0-301F-11D3-BF4B-00C04F79EFBC}") = "Assembly-CSharp", "Assembly-CSharp.csproj", "{EEB506C5-5D40-87A0-7924-55155CE563A0}"
EndProject
Project("{FAE04EC0-301F-11D3-BF4B-00C04F79EFBC}") = "Assembly-CSharp-Editor", "Assembly-CSharp-Editor.csproj", "{D048594C-4910-882B-C59D-FADD47097928}"
EndProject
Project("{FAE04EC0-301F-11D3-BF4B-00C04F79EFBC}") = "Assembly-CSharp.Player", "Assembly-CSharp.Player.csproj", "{37CDCF3F-0389-B63F-5625-A1C74B87B5B7}"
EndProject
Project("{FAE04EC0-301F-11D3-BF4B-00C04F79EFBC}") = "Unity.TextMeshPro.Player", "Unity.TextMeshPro.Player.csproj", "{F1CA471D-22AC-18A9-132D-9C670FF66678}"
EndProject
Project("{FAE04EC0-301F-11D3-BF4B-00C04F79EFBC}") = "Unity.Analytics.DataPrivacy.Player", "Unity.Analytics.DataPrivacy.Player.csproj", "{42411805-2A76-B786-50D5-240EEE2DE49C}"
EndProject
Project("{FAE04EC0-301F-11D3-BF4B-00C04F79EFBC}") = "Unity.XR.WindowsMR.Player", "Unity.XR.WindowsMR.Player.csproj", "{83F5DC8B-F4E3-DE24-5B63-E900B5A94812}"
EndProject
Global
	GlobalSection(SolutionConfigurationPlatforms) = preSolution
		Debug|Any CPU = Debug|Any CPU
		Release|Any CPU = Release|Any CPU
	EndGlobalSection
	GlobalSection(ProjectConfigurationPlatforms) = postSolution
		{EEB506C5-5D40-87A0-7924-55155CE563A0}.Debug|Any CPU.ActiveCfg = Debug|Any CPU
		{EEB506C5-5D40-87A0-7924-55155CE563A0}.Debug|Any CPU.Build.0 = Debug|Any CPU
		{EEB506C5-5D40-87A0-7924-55155CE563A0}.Release|Any CPU.ActiveCfg = Release|Any CPU
		{EEB506C5-5D40-87A0-7924-55155CE563A0}.Release|Any CPU.Build.0 = Release|Any CPU
		{D048594C-4910-882B-C59D-FADD47097928}.Debug|Any CPU.ActiveCfg = Debug|Any CPU
		{D048594C-4910-882B-C59D-FADD47097928}.Debug|Any CPU.Build.0 = Debug|Any CPU
		{D048594C-4910-882B-C59D-FADD47097928}.Release|Any CPU.ActiveCfg = Release|Any CPU
		{D048594C-4910-882B-C59D-FADD47097928}.Release|Any CPU.Build.0 = Release|Any CPU
		{37CDCF3F-0389-B63F-5625-A1C74B87B5B7}.Debug|Any CPU.ActiveCfg = Debug|Any CPU
		{37CDCF3F-0389-B63F-5625-A1C74B87B5B7}.Debug|Any CPU.Build.0 = Debug|Any CPU
		{37CDCF3F-0389-B63F-5625-A1C74B87B5B7}.Release|Any CPU.ActiveCfg = Release|Any CPU
		{37CDCF3F-0389-B63F-5625-A1C74B87B5B7}.Release|Any CPU.Build.0 = Release|Any CPU
		{F1CA471D-22AC-18A9-132D-9C670FF66678}.Debug|Any CPU.ActiveCfg = Debug|Any CPU
		{F1CA471D-22AC-18A9-132D-9C670FF66678}.Debug|Any CPU.Build.0 = Debug|Any CPU
		{F1CA471D-22AC-18A9-132D-9C670FF66678}.Release|Any CPU.ActiveCfg = Release|Any CPU
		{F1CA471D-22AC-18A9-132D-9C670FF66678}.Release|Any CPU.Build.0 = Release|Any CPU
		{42411805-2A76-B786-50D5-240EEE2DE49C}.Debug|Any CPU.ActiveCfg = Debug|Any CPU
		{42411805-2A76-B786-50D5-240EEE2DE49C}.Debug|Any CPU.Build.0 = Debug|Any CPU
		{42411805-2A76-B786-50D5-240EEE2DE49C}.Release|Any CPU.ActiveCfg = Release|Any CPU
		{42411805-2A76-B786-50D5-240EEE2DE49C}.Release|Any CPU.Build.0 = Release|Any CPU
		{83F5DC8B-F4E3-DE24-5B63-E900B5A94812}.Debug|Any CPU.ActiveCfg = Debug|Any CPU
		{83F5DC8B-F4E3-DE24-5B63-E900B5A94812}.Debug|Any CPU.Build.0 = Debug|Any CPU
		{83F5DC8B-F4E3-DE24-5B63-E900B5A94812}.Release|Any CPU.ActiveCfg = Release|Any CPU
		{83F5DC8B-F4E3-DE24-5B63-E900B5A94812}.Release|Any CPU.Build.0 = Release|Any CPU
	EndGlobalSection
	GlobalSection(SolutionProperties) = preSolution
		HideSolutionNode = FALSE
	EndGlobalSection
EndGlobal
